// !$*UTF8*$!
{
	archiveVersion = 1;
	classes = {
	};
	objectVersion = 50;
	objects = {

/* Begin PBXBuildFile section */
		83041959243A9D0A0014B6AE /* ToDoItem.swift in Sources */ = {isa = PBXBuildFile; fileRef = 83041958243A9D0A0014B6AE /* ToDoItem.swift */; };
		83B598EE243946D700F8DEF3 /* DatePicker.swift in Sources */ = {isa = PBXBuildFile; fileRef = 83B598EC243946D700F8DEF3 /* DatePicker.swift */; };
		83B598EF243946D700F8DEF3 /* DatePicker.xib in Resources */ = {isa = PBXBuildFile; fileRef = 83B598ED243946D700F8DEF3 /* DatePicker.xib */; };
		83E4765824087E550037AD61 /* DBWrapper.swift in Sources */ = {isa = PBXBuildFile; fileRef = 83E4765724087E550037AD61 /* DBWrapper.swift */; };
		83E5450D2408434F00D2EE61 /* AppDelegate.swift in Sources */ = {isa = PBXBuildFile; fileRef = 83E5450C2408434F00D2EE61 /* AppDelegate.swift */; };
		83E5450F2408434F00D2EE61 /* SceneDelegate.swift in Sources */ = {isa = PBXBuildFile; fileRef = 83E5450E2408434F00D2EE61 /* SceneDelegate.swift */; };
		83E545112408434F00D2EE61 /* ViewController.swift in Sources */ = {isa = PBXBuildFile; fileRef = 83E545102408434F00D2EE61 /* ViewController.swift */; };
		83E545142408434F00D2EE61 /* Main.storyboard in Resources */ = {isa = PBXBuildFile; fileRef = 83E545122408434F00D2EE61 /* Main.storyboard */; };
		83E545162408435100D2EE61 /* Assets.xcassets in Resources */ = {isa = PBXBuildFile; fileRef = 83E545152408435100D2EE61 /* Assets.xcassets */; };
		83E545192408435100D2EE61 /* LaunchScreen.storyboard in Resources */ = {isa = PBXBuildFile; fileRef = 83E545172408435100D2EE61 /* LaunchScreen.storyboard */; };
		83ECA1ED240865EB00F2D75F /* MainTableViewController.swift in Sources */ = {isa = PBXBuildFile; fileRef = 83ECA1EC240865EB00F2D75F /* MainTableViewController.swift */; };
		83ECA1F1240867F900F2D75F /* Utility.swift in Sources */ = {isa = PBXBuildFile; fileRef = 83ECA1F0240867F900F2D75F /* Utility.swift */; };
/* End PBXBuildFile section */

/* Begin PBXFileReference section */
		83041958243A9D0A0014B6AE /* ToDoItem.swift */ = {isa = PBXFileReference; lastKnownFileType = sourcecode.swift; path = ToDoItem.swift; sourceTree = "<group>"; };
		83B598EC243946D700F8DEF3 /* DatePicker.swift */ = {isa = PBXFileReference; lastKnownFileType = sourcecode.swift; path = DatePicker.swift; sourceTree = "<group>"; };
		83B598ED243946D700F8DEF3 /* DatePicker.xib */ = {isa = PBXFileReference; lastKnownFileType = file.xib; path = DatePicker.xib; sourceTree = "<group>"; };
		83E4765724087E550037AD61 /* DBWrapper.swift */ = {isa = PBXFileReference; lastKnownFileType = sourcecode.swift; path = DBWrapper.swift; sourceTree = "<group>"; };
		83E545092408434F00D2EE61 /* ToDoSwift.app */ = {isa = PBXFileReference; explicitFileType = wrapper.application; includeInIndex = 0; path = ToDoSwift.app; sourceTree = BUILT_PRODUCTS_DIR; };
		83E5450C2408434F00D2EE61 /* AppDelegate.swift */ = {isa = PBXFileReference; lastKnownFileType = sourcecode.swift; path = AppDelegate.swift; sourceTree = "<group>"; };
		83E5450E2408434F00D2EE61 /* SceneDelegate.swift */ = {isa = PBXFileReference; lastKnownFileType = sourcecode.swift; path = SceneDelegate.swift; sourceTree = "<group>"; };
		83E545102408434F00D2EE61 /* ViewController.swift */ = {isa = PBXFileReference; lastKnownFileType = sourcecode.swift; path = ViewController.swift; sourceTree = "<group>"; };
		83E545132408434F00D2EE61 /* Base */ = {isa = PBXFileReference; lastKnownFileType = file.storyboard; name = Base; path = Base.lproj/Main.storyboard; sourceTree = "<group>"; };
		83E545152408435100D2EE61 /* Assets.xcassets */ = {isa = PBXFileReference; lastKnownFileType = folder.assetcatalog; path = Assets.xcassets; sourceTree = "<group>"; };
		83E545182408435100D2EE61 /* Base */ = {isa = PBXFileReference; lastKnownFileType = file.storyboard; name = Base; path = Base.lproj/LaunchScreen.storyboard; sourceTree = "<group>"; };
		83E5451A2408435100D2EE61 /* Info.plist */ = {isa = PBXFileReference; lastKnownFileType = text.plist.xml; path = Info.plist; sourceTree = "<group>"; };
		83ECA1EC240865EB00F2D75F /* MainTableViewController.swift */ = {isa = PBXFileReference; lastKnownFileType = sourcecode.swift; path = MainTableViewController.swift; sourceTree = "<group>"; };
		83ECA1F0240867F900F2D75F /* Utility.swift */ = {isa = PBXFileReference; lastKnownFileType = sourcecode.swift; path = Utility.swift; sourceTree = "<group>"; };
/* End PBXFileReference section */

/* Begin PBXFrameworksBuildPhase section */
		83E545062408434F00D2EE61 /* Frameworks */ = {
			isa = PBXFrameworksBuildPhase;
			buildActionMask = 2147483647;
			files = (
			);
			runOnlyForDeploymentPostprocessing = 0;
		};
/* End PBXFrameworksBuildPhase section */

/* Begin PBXGroup section */
		83E545002408434F00D2EE61 = {
			isa = PBXGroup;
			children = (
				83E5450B2408434F00D2EE61 /* ToDoSwift */,
				83E5450A2408434F00D2EE61 /* Products */,
			);
			sourceTree = "<group>";
		};
		83E5450A2408434F00D2EE61 /* Products */ = {
			isa = PBXGroup;
			children = (
				83E545092408434F00D2EE61 /* ToDoSwift.app */,
			);
			name = Products;
			sourceTree = "<group>";
		};
		83E5450B2408434F00D2EE61 /* ToDoSwift */ = {
			isa = PBXGroup;
			children = (
				83E5450C2408434F00D2EE61 /* AppDelegate.swift */,
				83E5450E2408434F00D2EE61 /* SceneDelegate.swift */,
				83E545102408434F00D2EE61 /* ViewController.swift */,
				83E545122408434F00D2EE61 /* Main.storyboard */,
				83E545152408435100D2EE61 /* Assets.xcassets */,
				83E545172408435100D2EE61 /* LaunchScreen.storyboard */,
				83E5451A2408435100D2EE61 /* Info.plist */,
				83ECA1EC240865EB00F2D75F /* MainTableViewController.swift */,
				83ECA1F0240867F900F2D75F /* Utility.swift */,
				83E4765724087E550037AD61 /* DBWrapper.swift */,
				83B598EC243946D700F8DEF3 /* DatePicker.swift */,
				83B598ED243946D700F8DEF3 /* DatePicker.xib */,
				83041958243A9D0A0014B6AE /* ToDoItem.swift */,
			);
			path = ToDoSwift;
			sourceTree = "<group>";
		};
/* End PBXGroup section */

/* Begin PBXNativeTarget section */
		83E545082408434F00D2EE61 /* ToDoSwift */ = {
			isa = PBXNativeTarget;
			buildConfigurationList = 83E5451D2408435100D2EE61 /* Build configuration list for PBXNativeTarget "ToDoSwift" */;
			buildPhases = (
				83E545052408434F00D2EE61 /* Sources */,
				83E545062408434F00D2EE61 /* Frameworks */,
				83E545072408434F00D2EE61 /* Resources */,
			);
			buildRules = (
			);
			dependencies = (
			);
			name = ToDoSwift;
			productName = ToDoSwift;
			productReference = 83E545092408434F00D2EE61 /* ToDoSwift.app */;
			productType = "com.apple.product-type.application";
		};
/* End PBXNativeTarget section */

/* Begin PBXProject section */
		83E545012408434F00D2EE61 /* Project object */ = {
			isa = PBXProject;
			attributes = {
				LastSwiftUpdateCheck = 1130;
				LastUpgradeCheck = 1130;
				ORGANIZATIONNAME = "Christopher Rhode";
				TargetAttributes = {
					83E545082408434F00D2EE61 = {
						CreatedOnToolsVersion = 11.3.1;
					};
				};
			};
			buildConfigurationList = 83E545042408434F00D2EE61 /* Build configuration list for PBXProject "ToDoSwift" */;
			compatibilityVersion = "Xcode 9.3";
			developmentRegion = en;
			hasScannedForEncodings = 0;
			knownRegions = (
				en,
				Base,
			);
			mainGroup = 83E545002408434F00D2EE61;
			productRefGroup = 83E5450A2408434F00D2EE61 /* Products */;
			projectDirPath = "";
			projectRoot = "";
			targets = (
				83E545082408434F00D2EE61 /* ToDoSwift */,
			);
		};
/* End PBXProject section */

/* Begin PBXResourcesBuildPhase section */
		83E545072408434F00D2EE61 /* Resources */ = {
			isa = PBXResourcesBuildPhase;
			buildActionMask = 2147483647;
			files = (
				83E545192408435100D2EE61 /* LaunchScreen.storyboard in Resources */,
				83E545162408435100D2EE61 /* Assets.xcassets in Resources */,
				83E545142408434F00D2EE61 /* Main.storyboard in Resources */,
				83B598EF243946D700F8DEF3 /* DatePicker.xib in Resources */,
			);
			runOnlyForDeploymentPostprocessing = 0;
		};
/* End PBXResourcesBuildPhase section */

/* Begin PBXSourcesBuildPhase section */
		83E545052408434F00D2EE61 /* Sources */ = {
			isa = PBXSourcesBuildPhase;
			buildActionMask = 2147483647;
			files = (
				83ECA1F1240867F900F2D75F /* Utility.swift in Sources */,
				83B598EE243946D700F8DEF3 /* DatePicker.swift in Sources */,
				83ECA1ED240865EB00F2D75F /* MainTableViewController.swift in Sources */,
				83E545112408434F00D2EE61 /* ViewController.swift in Sources */,
				83E5450D2408434F00D2EE61 /* AppDelegate.swift in Sources */,
				83E5450F2408434F00D2EE61 /* SceneDelegate.swift in Sources */,
				83041959243A9D0A0014B6AE /* ToDoItem.swift in Sources */,
				83E4765824087E550037AD61 /* DBWrapper.swift in Sources */,
			);
			runOnlyForDeploymentPostprocessing = 0;
		};
/* End PBXSourcesBuildPhase section */

/* Begin PBXVariantGroup section */
		83E545122408434F00D2EE61 /* Main.storyboard */ = {
			isa = PBXVariantGroup;
			children = (
				83E545132408434F00D2EE61 /* Base */,
			);
			name = Main.storyboard;
			sourceTree = "<group>";
		};
		83E545172408435100D2EE61 /* LaunchScreen.storyboard */ = {
			isa = PBXVariantGroup;
			children = (
				83E545182408435100D2EE61 /* Base */,
			);
			name = LaunchScreen.storyboard;
			sourceTree = "<group>";
		};
/* End PBXVariantGroup section */

/* Begin XCBuildConfiguration section */
		83E5451B2408435100D2EE61 /* Debug */ = {
			isa = XCBuildConfiguration;
			buildSettings = {
				ALWAYS_SEARCH_USER_PATHS = NO;
				CLANG_ANALYZER_NONNULL = YES;
				CLANG_ANALYZER_NUMBER_OBJECT_CONVERSION = YES_AGGRESSIVE;
				CLANG_CXX_LANGUAGE_STANDARD = "gnu++14";
				CLANG_CXX_LIBRARY = "libc++";
				CLANG_ENABLE_MODULES = YES;
				CLANG_ENABLE_OBJC_ARC = YES;
				CLANG_ENABLE_OBJC_WEAK = YES;
				CLANG_WARN_BLOCK_CAPTURE_AUTORELEASING = YES;
				CLANG_WARN_BOOL_CONVERSION = YES;
				CLANG_WARN_COMMA = YES;
				CLANG_WARN_CONSTANT_CONVERSION = YES;
				CLANG_WARN_DEPRECATED_OBJC_IMPLEMENTATIONS = YES;
				CLANG_WARN_DIRECT_OBJC_ISA_USAGE = YES_ERROR;
				CLANG_WARN_DOCUMENTATION_COMMENTS = YES;
				CLANG_WARN_EMPTY_BODY = YES;
				CLANG_WARN_ENUM_CONVERSION = YES;
				CLANG_WARN_INFINITE_RECURSION = YES;
				CLANG_WARN_INT_CONVERSION = YES;
				CLANG_WARN_NON_LITERAL_NULL_CONVERSION = YES;
				CLANG_WARN_OBJC_IMPLICIT_RETAIN_SELF = YES;
				CLANG_WARN_OBJC_LITERAL_CONVERSION = YES;
				CLANG_WARN_OBJC_ROOT_CLASS = YES_ERROR;
				CLANG_WARN_RANGE_LOOP_ANALYSIS = YES;
				CLANG_WARN_STRICT_PROTOTYPES = YES;
				CLANG_WARN_SUSPICIOUS_MOVE = YES;
				CLANG_WARN_UNGUARDED_AVAILABILITY = YES_AGGRESSIVE;
				CLANG_WARN_UNREACHABLE_CODE = YES;
				CLANG_WARN__DUPLICATE_METHOD_MATCH = YES;
				COPY_PHASE_STRIP = NO;
				DEBUG_INFORMATION_FORMAT = dwarf;
				ENABLE_STRICT_OBJC_MSGSEND = YES;
				ENABLE_TESTABILITY = YES;
				GCC_C_LANGUAGE_STANDARD = gnu11;
				GCC_DYNAMIC_NO_PIC = NO;
				GCC_NO_COMMON_BLOCKS = YES;
				GCC_OPTIMIZATION_LEVEL = 0;
				GCC_PREPROCESSOR_DEFINITIONS = (
					"DEBUG=1",
					"$(inherited)",
				);
				GCC_WARN_64_TO_32_BIT_CONVERSION = YES;
				GCC_WARN_ABOUT_RETURN_TYPE = YES_ERROR;
				GCC_WARN_UNDECLARED_SELECTOR = YES;
				GCC_WARN_UNINITIALIZED_AUTOS = YES_AGGRESSIVE;
				GCC_WARN_UNUSED_FUNCTION = YES;
				GCC_WARN_UNUSED_VARIABLE = YES;
				IPHONEOS_DEPLOYMENT_TARGET = 13.2;
				MTL_ENABLE_DEBUG_INFO = INCLUDE_SOURCE;
				MTL_FAST_MATH = YES;
				ONLY_ACTIVE_ARCH = YES;
				SDKROOT = iphoneos;
				SWIFT_ACTIVE_COMPILATION_CONDITIONS = DEBUG;
				SWIFT_OPTIMIZATION_LEVEL = "-Onone";
			};
			name = Debug;
		};
		83E5451C2408435100D2EE61 /* Release */ = {
			isa = XCBuildConfiguration;
			buildSettings = {
				ALWAYS_SEARCH_USER_PATHS = NO;
				CLANG_ANALYZER_NONNULL = YES;
				CLANG_ANALYZER_NUMBER_OBJECT_CONVERSION = YES_AGGRESSIVE;
				CLANG_CXX_LANGUAGE_STANDARD = "gnu++14";
				CLANG_CXX_LIBRARY = "libc++";
				CLANG_ENABLE_MODULES = YES;
				CLANG_ENABLE_OBJC_ARC = YES;
				CLANG_ENABLE_OBJC_WEAK = YES;
				CLANG_WARN_BLOCK_CAPTURE_AUTORELEASING = YES;
				CLANG_WARN_BOOL_CONVERSION = YES;
				CLANG_WARN_COMMA = YES;
				CLANG_WARN_CONSTANT_CONVERSION = YES;
				CLANG_WARN_DEPRECATED_OBJC_IMPLEMENTATIONS = YES;
				CLANG_WARN_DIRECT_OBJC_ISA_USAGE = YES_ERROR;
				CLANG_WARN_DOCUMENTATION_COMMENTS = YES;
				CLANG_WARN_EMPTY_BODY = YES;
				CLANG_WARN_ENUM_CONVERSION = YES;
				CLANG_WARN_INFINITE_RECURSION = YES;
				CLANG_WARN_INT_CONVERSION = YES;
				CLANG_WARN_NON_LITERAL_NULL_CONVERSION = YES;
				CLANG_WARN_OBJC_IMPLICIT_RETAIN_SELF = YES;
				CLANG_WARN_OBJC_LITERAL_CONVERSION = YES;
				CLANG_WARN_OBJC_ROOT_CLASS = YES_ERROR;
				CLANG_WARN_RANGE_LOOP_ANALYSIS = YES;
				CLANG_WARN_STRICT_PROTOTYPES = YES;
				CLANG_WARN_SUSPICIOUS_MOVE = YES;
				CLANG_WARN_UNGUARDED_AVAILABILITY = YES_AGGRESSIVE;
				CLANG_WARN_UNREACHABLE_CODE = YES;
				CLANG_WARN__DUPLICATE_METHOD_MATCH = YES;
				COPY_PHASE_STRIP = NO;
				DEBUG_INFORMATION_FORMAT = "dwarf-with-dsym";
				ENABLE_NS_ASSERTIONS = NO;
				ENABLE_STRICT_OBJC_MSGSEND = YES;
				GCC_C_LANGUAGE_STANDARD = gnu11;
				GCC_NO_COMMON_BLOCKS = YES;
				GCC_WARN_64_TO_32_BIT_CONVERSION = YES;
				GCC_WARN_ABOUT_RETURN_TYPE = YES_ERROR;
				GCC_WARN_UNDECLARED_SELECTOR = YES;
				GCC_WARN_UNINITIALIZED_AUTOS = YES_AGGRESSIVE;
				GCC_WARN_UNUSED_FUNCTION = YES;
				GCC_WARN_UNUSED_VARIABLE = YES;
				IPHONEOS_DEPLOYMENT_TARGET = 13.2;
				MTL_ENABLE_DEBUG_INFO = NO;
				MTL_FAST_MATH = YES;
				SDKROOT = iphoneos;
				SWIFT_COMPILATION_MODE = wholemodule;
				SWIFT_OPTIMIZATION_LEVEL = "-O";
				VALIDATE_PRODUCT = YES;
			};
			name = Release;
		};
		83E5451E2408435100D2EE61 /* Debug */ = {
			isa = XCBuildConfiguration;
			buildSettings = {
				ASSETCATALOG_COMPILER_APPICON_NAME = AppIcon;
				CODE_SIGN_STYLE = Automatic;
				DEVELOPMENT_TEAM = 275CA585J5;
				INFOPLIST_FILE = ToDoSwift/Info.plist;
				LD_RUNPATH_SEARCH_PATHS = (
					"$(inherited)",
					"@executable_path/Frameworks",
				);
				PRODUCT_BUNDLE_IDENTIFIER = ratcliffe.ToDoSwift;
				PRODUCT_NAME = "$(TARGET_NAME)";
				SWIFT_VERSION = 5.0;
				TARGETED_DEVICE_FAMILY = "1,2";
			};
			name = Debug;
		};
		83E5451F2408435100D2EE61 /* Release */ = {
			isa = XCBuildConfiguration;
			buildSettings = {
				ASSETCATALOG_COMPILER_APPICON_NAME = AppIcon;
				CODE_SIGN_STYLE = Automatic;
				DEVELOPMENT_TEAM = 275CA585J5;
				INFOPLIST_FILE = ToDoSwift/Info.plist;
				LD_RUNPATH_SEARCH_PATHS = (
					"$(inherited)",
					"@executable_path/Frameworks",
				);
				PRODUCT_BUNDLE_IDENTIFIER = ratcliffe.ToDoSwift;
				PRODUCT_NAME = "$(TARGET_NAME)";
				SWIFT_VERSION = 5.0;
				TARGETED_DEVICE_FAMILY = "1,2";
			};
			name = Release;
		};
/* End XCBuildConfiguration section */

/* Begin XCConfigurationList section */
		83E545042408434F00D2EE61 /* Build configuration list for PBXProject "ToDoSwift" */ = {
			isa = XCConfigurationList;
			buildConfigurations = (
				83E5451B2408435100D2EE61 /* Debug */,
				83E5451C2408435100D2EE61 /* Release */,
			);
			defaultConfigurationIsVisible = 0;
			defaultConfigurationName = Release;
		};
		83E5451D2408435100D2EE61 /* Build configuration list for PBXNativeTarget "ToDoSwift" */ = {
			isa = XCConfigurationList;
			buildConfigurations = (
				83E5451E2408435100D2EE61 /* Debug */,
				83E5451F2408435100D2EE61 /* Release */,
			);
			defaultConfigurationIsVisible = 0;
			defaultConfigurationName = Release;
		};
/* End XCConfigurationList section */
	};
	rootObject = 83E545012408434F00D2EE61 /* Project object */;
}
